
Microsoft Visual Studio Solution File, Format Version 12.00
# Visual Studio Version 16
VisualStudioVersion = 16.0.29613.14
MinimumVisualStudioVersion = 10.0.40219.1
Project("{FAE04EC0-301F-11D3-BF4B-00C04F79EFBC}") = "TRMDataManager", "TRMDataManager\TRMDataManager.csproj", "{C1A1A59C-B84D-405F-AB95-39CF386AB2B6}"
EndProject
Global
	GlobalSection(SolutionConfigurationPlatforms) = preSolution
		Debug|Any CPU = Debug|Any CPU
		Release|Any CPU = Release|Any CPU
	EndGlobalSection
	GlobalSection(ProjectConfigurationPlatforms) = postSolution
		{C1A1A59C-B84D-405F-AB95-39CF386AB2B6}.Debug|Any CPU.ActiveCfg = Debug|Any CPU
		{C1A1A59C-B84D-405F-AB95-39CF386AB2B6}.Debug|Any CPU.Build.0 = Debug|Any CPU
		{C1A1A59C-B84D-405F-AB95-39CF386AB2B6}.Release|Any CPU.ActiveCfg = Release|Any CPU
		{C1A1A59C-B84D-405F-AB95-39CF386AB2B6}.Release|Any CPU.Build.0 = Release|Any CPU
	EndGlobalSection
	GlobalSection(SolutionProperties) = preSolution
		HideSolutionNode = FALSE
	EndGlobalSection
	GlobalSection(ExtensibilityGlobals) = postSolution
		SolutionGuid = {7EEE5B30-440E-4B3C-8EB5-084FD3403425}
	EndGlobalSection
EndGlobal
